
Microsoft Visual Studio Solution File, Format Version 12.00
# Visual Studio 15
VisualStudioVersion = 15.0.27703.2018
MinimumVisualStudioVersion = 10.0.40219.1
Project("{FAE04EC0-301F-11D3-BF4B-00C04F79EFBC}") = "01-My First Demo", "01-My First Demo\01-My First Demo.csproj", "{D2A0FBEB-56FE-468C-B310-801BD32D1901}"
EndProject
Project("{FAE04EC0-301F-11D3-BF4B-00C04F79EFBC}") = "02-My Second Demo", "02-My Second Demo\02-My Second Demo.csproj", "{CE2E2AAB-9969-4757-AA99-56473B542A2C}"
EndProject
Project("{FAE04EC0-301F-11D3-BF4B-00C04F79EFBC}") = "03-My Third Demo", "03-My Third Demo\03-My Third Demo.csproj", "{92D40103-EC33-48B2-BCCE-346FA65A4E40}"
EndProject
Project("{FAE04EC0-301F-11D3-BF4B-00C04F79EFBC}") = "03-Convert类型转换", "03-Convert类型转换\03-Convert类型转换.csproj", "{22A69AC7-B50C-4158-A10C-F70E74B8BCFD}"
EndProject
Project("{FAE04EC0-301F-11D3-BF4B-00C04F79EFBC}") = "04-加加减减", "04-加加减减\04-加加减减.csproj", "{3641AB8C-3FFC-4B31-B71B-3414A3AD3657}"
EndProject
Project("{FAE04EC0-301F-11D3-BF4B-00C04F79EFBC}") = "06-闰年判断", "06-闰年判断\06-闰年判断.csproj", "{FBC8D024-D3E4-42C9-8134-31712161093C}"
EndProject
Project("{FAE04EC0-301F-11D3-BF4B-00C04F79EFBC}") = "08-if结构运用-登录", "08-if结构运用-登录\08-if结构运用-登录.csproj", "{F0F5E98B-4BCA-4914-ABF4-2F24A24A53DD}"
EndProject
Project("{FAE04EC0-301F-11D3-BF4B-00C04F79EFBC}") = "08-复习", "08-复习\08-复习.csproj", "{1350095F-AA89-427B-B4B5-E1C8B25392B4}"
EndProject
Project("{FAE04EC0-301F-11D3-BF4B-00C04F79EFBC}") = "08-复习 输出最大值", "08-复习 输出最大值\08-复习 输出最大值.csproj", "{1D0F9459-6064-475D-A6FF-08F2B27CBE73}"
EndProject
Project("{FAE04EC0-301F-11D3-BF4B-00C04F79EFBC}") = "05 -断点调试", "05 -断点调试\05 -断点调试.csproj", "{6DFD2970-5DEF-44AF-AE43-92ADA265AA4C}"
EndProject
Project("{FAE04EC0-301F-11D3-BF4B-00C04F79EFBC}") = "05-for循环", "05-for循环\05-for循环.csproj", "{C5AEC716-12B9-460F-BB3D-18F4F6F27EAC}"
EndProject
Project("{FAE04EC0-301F-11D3-BF4B-00C04F79EFBC}") = "05-for循环练习", "05-for循环练习\05-for循环练习.csproj", "{481DB9BA-2EE1-426C-B19E-4FB156D8B8DD}"
EndProject
Project("{FAE04EC0-301F-11D3-BF4B-00C04F79EFBC}") = "05-乘法口诀表", "05-乘法口诀表\05-乘法口诀表.csproj", "{4CE9E32B-5EA2-4269-9794-695EEBA76348}"
EndProject
Project("{FAE04EC0-301F-11D3-BF4B-00C04F79EFBC}") = "05-三角乘法口诀表", "05-三角乘法口诀表\05-三角乘法口诀表.csproj", "{40324EFB-53D2-457F-A82C-DC46F1569200}"
EndProject
Project("{FAE04EC0-301F-11D3-BF4B-00C04F79EFBC}") = "05-类型转换和方法介绍", "05-类型转换和方法介绍\05-类型转换和方法介绍.csproj", "{236297E0-F954-4D3C-A1BE-02E60A556FCB}"
EndProject
Global
	GlobalSection(SolutionConfigurationPlatforms) = preSolution
		Debug|Any CPU = Debug|Any CPU
		Release|Any CPU = Release|Any CPU
	EndGlobalSection
	GlobalSection(ProjectConfigurationPlatforms) = postSolution
		{D2A0FBEB-56FE-468C-B310-801BD32D1901}.Debug|Any CPU.ActiveCfg = Debug|Any CPU
		{D2A0FBEB-56FE-468C-B310-801BD32D1901}.Debug|Any CPU.Build.0 = Debug|Any CPU
		{D2A0FBEB-56FE-468C-B310-801BD32D1901}.Release|Any CPU.ActiveCfg = Release|Any CPU
		{D2A0FBEB-56FE-468C-B310-801BD32D1901}.Release|Any CPU.Build.0 = Release|Any CPU
		{CE2E2AAB-9969-4757-AA99-56473B542A2C}.Debug|Any CPU.ActiveCfg = Debug|Any CPU
		{CE2E2AAB-9969-4757-AA99-56473B542A2C}.Debug|Any CPU.Build.0 = Debug|Any CPU
		{CE2E2AAB-9969-4757-AA99-56473B542A2C}.Release|Any CPU.ActiveCfg = Release|Any CPU
		{CE2E2AAB-9969-4757-AA99-56473B542A2C}.Release|Any CPU.Build.0 = Release|Any CPU
		{92D40103-EC33-48B2-BCCE-346FA65A4E40}.Debug|Any CPU.ActiveCfg = Debug|Any CPU
		{92D40103-EC33-48B2-BCCE-346FA65A4E40}.Debug|Any CPU.Build.0 = Debug|Any CPU
		{92D40103-EC33-48B2-BCCE-346FA65A4E40}.Release|Any CPU.ActiveCfg = Release|Any CPU
		{92D40103-EC33-48B2-BCCE-346FA65A4E40}.Release|Any CPU.Build.0 = Release|Any CPU
		{22A69AC7-B50C-4158-A10C-F70E74B8BCFD}.Debug|Any CPU.ActiveCfg = Debug|Any CPU
		{22A69AC7-B50C-4158-A10C-F70E74B8BCFD}.Debug|Any CPU.Build.0 = Debug|Any CPU
		{22A69AC7-B50C-4158-A10C-F70E74B8BCFD}.Release|Any CPU.ActiveCfg = Release|Any CPU
		{22A69AC7-B50C-4158-A10C-F70E74B8BCFD}.Release|Any CPU.Build.0 = Release|Any CPU
		{3641AB8C-3FFC-4B31-B71B-3414A3AD3657}.Debug|Any CPU.ActiveCfg = Debug|Any CPU
		{3641AB8C-3FFC-4B31-B71B-3414A3AD3657}.Debug|Any CPU.Build.0 = Debug|Any CPU
		{3641AB8C-3FFC-4B31-B71B-3414A3AD3657}.Release|Any CPU.ActiveCfg = Release|Any CPU
		{3641AB8C-3FFC-4B31-B71B-3414A3AD3657}.Release|Any CPU.Build.0 = Release|Any CPU
		{FBC8D024-D3E4-42C9-8134-31712161093C}.Debug|Any CPU.ActiveCfg = Debug|Any CPU
		{FBC8D024-D3E4-42C9-8134-31712161093C}.Debug|Any CPU.Build.0 = Debug|Any CPU
		{FBC8D024-D3E4-42C9-8134-31712161093C}.Release|Any CPU.ActiveCfg = Release|Any CPU
		{FBC8D024-D3E4-42C9-8134-31712161093C}.Release|Any CPU.Build.0 = Release|Any CPU
		{F0F5E98B-4BCA-4914-ABF4-2F24A24A53DD}.Debug|Any CPU.ActiveCfg = Debug|Any CPU
		{F0F5E98B-4BCA-4914-ABF4-2F24A24A53DD}.Debug|Any CPU.Build.0 = Debug|Any CPU
		{F0F5E98B-4BCA-4914-ABF4-2F24A24A53DD}.Release|Any CPU.ActiveCfg = Release|Any CPU
		{F0F5E98B-4BCA-4914-ABF4-2F24A24A53DD}.Release|Any CPU.Build.0 = Release|Any CPU
		{1350095F-AA89-427B-B4B5-E1C8B25392B4}.Debug|Any CPU.ActiveCfg = Debug|Any CPU
		{1350095F-AA89-427B-B4B5-E1C8B25392B4}.Debug|Any CPU.Build.0 = Debug|Any CPU
		{1350095F-AA89-427B-B4B5-E1C8B25392B4}.Release|Any CPU.ActiveCfg = Release|Any CPU
		{1350095F-AA89-427B-B4B5-E1C8B25392B4}.Release|Any CPU.Build.0 = Release|Any CPU
		{1D0F9459-6064-475D-A6FF-08F2B27CBE73}.Debug|Any CPU.ActiveCfg = Debug|Any CPU
		{1D0F9459-6064-475D-A6FF-08F2B27CBE73}.Debug|Any CPU.Build.0 = Debug|Any CPU
		{1D0F9459-6064-475D-A6FF-08F2B27CBE73}.Release|Any CPU.ActiveCfg = Release|Any CPU
		{1D0F9459-6064-475D-A6FF-08F2B27CBE73}.Release|Any CPU.Build.0 = Release|Any CPU
		{6DFD2970-5DEF-44AF-AE43-92ADA265AA4C}.Debug|Any CPU.ActiveCfg = Debug|Any CPU
		{6DFD2970-5DEF-44AF-AE43-92ADA265AA4C}.Debug|Any CPU.Build.0 = Debug|Any CPU
		{6DFD2970-5DEF-44AF-AE43-92ADA265AA4C}.Release|Any CPU.ActiveCfg = Release|Any CPU
		{6DFD2970-5DEF-44AF-AE43-92ADA265AA4C}.Release|Any CPU.Build.0 = Release|Any CPU
		{C5AEC716-12B9-460F-BB3D-18F4F6F27EAC}.Debug|Any CPU.ActiveCfg = Debug|Any CPU
		{C5AEC716-12B9-460F-BB3D-18F4F6F27EAC}.Debug|Any CPU.Build.0 = Debug|Any CPU
		{C5AEC716-12B9-460F-BB3D-18F4F6F27EAC}.Release|Any CPU.ActiveCfg = Release|Any CPU
		{C5AEC716-12B9-460F-BB3D-18F4F6F27EAC}.Release|Any CPU.Build.0 = Release|Any CPU
		{481DB9BA-2EE1-426C-B19E-4FB156D8B8DD}.Debug|Any CPU.ActiveCfg = Debug|Any CPU
		{481DB9BA-2EE1-426C-B19E-4FB156D8B8DD}.Debug|Any CPU.Build.0 = Debug|Any CPU
		{481DB9BA-2EE1-426C-B19E-4FB156D8B8DD}.Release|Any CPU.ActiveCfg = Release|Any CPU
		{481DB9BA-2EE1-426C-B19E-4FB156D8B8DD}.Release|Any CPU.Build.0 = Release|Any CPU
		{4CE9E32B-5EA2-4269-9794-695EEBA76348}.Debug|Any CPU.ActiveCfg = Debug|Any CPU
		{4CE9E32B-5EA2-4269-9794-695EEBA76348}.Debug|Any CPU.Build.0 = Debug|Any CPU
		{4CE9E32B-5EA2-4269-9794-695EEBA76348}.Release|Any CPU.ActiveCfg = Release|Any CPU
		{4CE9E32B-5EA2-4269-9794-695EEBA76348}.Release|Any CPU.Build.0 = Release|Any CPU
		{40324EFB-53D2-457F-A82C-DC46F1569200}.Debug|Any CPU.ActiveCfg = Debug|Any CPU
		{40324EFB-53D2-457F-A82C-DC46F1569200}.Debug|Any CPU.Build.0 = Debug|Any CPU
		{40324EFB-53D2-457F-A82C-DC46F1569200}.Release|Any CPU.ActiveCfg = Release|Any CPU
		{40324EFB-53D2-457F-A82C-DC46F1569200}.Release|Any CPU.Build.0 = Release|Any CPU
		{236297E0-F954-4D3C-A1BE-02E60A556FCB}.Debug|Any CPU.ActiveCfg = Debug|Any CPU
		{236297E0-F954-4D3C-A1BE-02E60A556FCB}.Debug|Any CPU.Build.0 = Debug|Any CPU
		{236297E0-F954-4D3C-A1BE-02E60A556FCB}.Release|Any CPU.ActiveCfg = Release|Any CPU
		{236297E0-F954-4D3C-A1BE-02E60A556FCB}.Release|Any CPU.Build.0 = Release|Any CPU
	EndGlobalSection
	GlobalSection(SolutionProperties) = preSolution
		HideSolutionNode = FALSE
	EndGlobalSection
	GlobalSection(ExtensibilityGlobals) = postSolution
		SolutionGuid = {74909A03-54A6-4475-ADFD-D2FD5C20DFD5}
	EndGlobalSection
EndGlobal
